// !$*UTF8*$!
{
	archiveVersion = 1;
	classes = {
	};
	objectVersion = 50;
	objects = {

/* Begin PBXBuildFile section */
		A56603D322C2C56700B72A5C /* AppDelegate.m in Sources */ = {isa = PBXBuildFile; fileRef = A56603D222C2C56700B72A5C /* AppDelegate.m */; };
		A56603D622C2C56700B72A5C /* ViewController.m in Sources */ = {isa = PBXBuildFile; fileRef = A56603D522C2C56700B72A5C /* ViewController.m */; };
		A56603D922C2C56700B72A5C /* Main.storyboard in Resources */ = {isa = PBXBuildFile; fileRef = A56603D722C2C56700B72A5C /* Main.storyboard */; };
		A56603DB22C2C56800B72A5C /* Assets.xcassets in Resources */ = {isa = PBXBuildFile; fileRef = A56603DA22C2C56800B72A5C /* Assets.xcassets */; };
		A56603DE22C2C56800B72A5C /* LaunchScreen.storyboard in Resources */ = {isa = PBXBuildFile; fileRef = A56603DC22C2C56800B72A5C /* LaunchScreen.storyboard */; };
		A56603E122C2C56800B72A5C /* main.m in Sources */ = {isa = PBXBuildFile; fileRef = A56603E022C2C56800B72A5C /* main.m */; };
		A56603EB22C2C56800B72A5C /* TipsterTests.m in Sources */ = {isa = PBXBuildFile; fileRef = A56603EA22C2C56800B72A5C /* TipsterTests.m */; };
		A56603F622C2C56800B72A5C /* TipsterUITests.m in Sources */ = {isa = PBXBuildFile; fileRef = A56603F522C2C56800B72A5C /* TipsterUITests.m */; };
		A566040522C2D59B00B72A5C /* SettingsViewController.m in Sources */ = {isa = PBXBuildFile; fileRef = A566040422C2D59B00B72A5C /* SettingsViewController.m */; };
		A566040B22C2E58B00B72A5C /* tipster.png in Resources */ = {isa = PBXBuildFile; fileRef = A566040A22C2E58B00B72A5C /* tipster.png */; };
		A566040D22C2E7BD00B72A5C /* moneysign.jpg in Resources */ = {isa = PBXBuildFile; fileRef = A566040C22C2E7BD00B72A5C /* moneysign.jpg */; };
/* End PBXBuildFile section */

/* Begin PBXContainerItemProxy section */
		A56603E722C2C56800B72A5C /* PBXContainerItemProxy */ = {
			isa = PBXContainerItemProxy;
			containerPortal = A56603C622C2C56700B72A5C /* Project object */;
			proxyType = 1;
			remoteGlobalIDString = A56603CD22C2C56700B72A5C;
			remoteInfo = Tipster;
		};
		A56603F222C2C56800B72A5C /* PBXContainerItemProxy */ = {
			isa = PBXContainerItemProxy;
			containerPortal = A56603C622C2C56700B72A5C /* Project object */;
			proxyType = 1;
			remoteGlobalIDString = A56603CD22C2C56700B72A5C;
			remoteInfo = Tipster;
		};
/* End PBXContainerItemProxy section */

/* Begin PBXFileReference section */
		A56603CE22C2C56700B72A5C /* Tipster.app */ = {isa = PBXFileReference; explicitFileType = wrapper.application; includeInIndex = 0; path = Tipster.app; sourceTree = BUILT_PRODUCTS_DIR; };
		A56603D122C2C56700B72A5C /* AppDelegate.h */ = {isa = PBXFileReference; lastKnownFileType = sourcecode.c.h; path = AppDelegate.h; sourceTree = "<group>"; };
		A56603D222C2C56700B72A5C /* AppDelegate.m */ = {isa = PBXFileReference; lastKnownFileType = sourcecode.c.objc; path = AppDelegate.m; sourceTree = "<group>"; };
		A56603D422C2C56700B72A5C /* ViewController.h */ = {isa = PBXFileReference; lastKnownFileType = sourcecode.c.h; path = ViewController.h; sourceTree = "<group>"; };
		A56603D522C2C56700B72A5C /* ViewController.m */ = {isa = PBXFileReference; lastKnownFileType = sourcecode.c.objc; path = ViewController.m; sourceTree = "<group>"; };
		A56603D822C2C56700B72A5C /* Base */ = {isa = PBXFileReference; lastKnownFileType = file.storyboard; name = Base; path = Base.lproj/Main.storyboard; sourceTree = "<group>"; };
		A56603DA22C2C56800B72A5C /* Assets.xcassets */ = {isa = PBXFileReference; lastKnownFileType = folder.assetcatalog; path = Assets.xcassets; sourceTree = "<group>"; };
		A56603DD22C2C56800B72A5C /* Base */ = {isa = PBXFileReference; lastKnownFileType = file.storyboard; name = Base; path = Base.lproj/LaunchScreen.storyboard; sourceTree = "<group>"; };
		A56603DF22C2C56800B72A5C /* Info.plist */ = {isa = PBXFileReference; lastKnownFileType = text.plist.xml; path = Info.plist; sourceTree = "<group>"; };
		A56603E022C2C56800B72A5C /* main.m */ = {isa = PBXFileReference; lastKnownFileType = sourcecode.c.objc; path = main.m; sourceTree = "<group>"; };
		A56603E622C2C56800B72A5C /* TipsterTests.xctest */ = {isa = PBXFileReference; explicitFileType = wrapper.cfbundle; includeInIndex = 0; path = TipsterTests.xctest; sourceTree = BUILT_PRODUCTS_DIR; };
		A56603EA22C2C56800B72A5C /* TipsterTests.m */ = {isa = PBXFileReference; lastKnownFileType = sourcecode.c.objc; path = TipsterTests.m; sourceTree = "<group>"; };
		A56603EC22C2C56800B72A5C /* Info.plist */ = {isa = PBXFileReference; lastKnownFileType = text.plist.xml; path = Info.plist; sourceTree = "<group>"; };
		A56603F122C2C56800B72A5C /* TipsterUITests.xctest */ = {isa = PBXFileReference; explicitFileType = wrapper.cfbundle; includeInIndex = 0; path = TipsterUITests.xctest; sourceTree = BUILT_PRODUCTS_DIR; };
		A56603F522C2C56800B72A5C /* TipsterUITests.m */ = {isa = PBXFileReference; lastKnownFileType = sourcecode.c.objc; path = TipsterUITests.m; sourceTree = "<group>"; };
		A56603F722C2C56800B72A5C /* Info.plist */ = {isa = PBXFileReference; lastKnownFileType = text.plist.xml; path = Info.plist; sourceTree = "<group>"; };
		A566040322C2D59B00B72A5C /* SettingsViewController.h */ = {isa = PBXFileReference; lastKnownFileType = sourcecode.c.h; path = SettingsViewController.h; sourceTree = "<group>"; };
		A566040422C2D59B00B72A5C /* SettingsViewController.m */ = {isa = PBXFileReference; lastKnownFileType = sourcecode.c.objc; path = SettingsViewController.m; sourceTree = "<group>"; };
		A566040A22C2E58B00B72A5C /* tipster.png */ = {isa = PBXFileReference; lastKnownFileType = image.png; name = tipster.png; path = ../../tipster.png; sourceTree = "<group>"; };
		A566040C22C2E7BD00B72A5C /* moneysign.jpg */ = {isa = PBXFileReference; lastKnownFileType = image.jpeg; name = moneysign.jpg; path = ../../../Downloads/moneysign.jpg; sourceTree = "<group>"; };
/* End PBXFileReference section */

/* Begin PBXFrameworksBuildPhase section */
		A56603CB22C2C56700B72A5C /* Frameworks */ = {
			isa = PBXFrameworksBuildPhase;
			buildActionMask = 2147483647;
			files = (
			);
			runOnlyForDeploymentPostprocessing = 0;
		};
		A56603E322C2C56800B72A5C /* Frameworks */ = {
			isa = PBXFrameworksBuildPhase;
			buildActionMask = 2147483647;
			files = (
			);
			runOnlyForDeploymentPostprocessing = 0;
		};
		A56603EE22C2C56800B72A5C /* Frameworks */ = {
			isa = PBXFrameworksBuildPhase;
			buildActionMask = 2147483647;
			files = (
			);
			runOnlyForDeploymentPostprocessing = 0;
		};
/* End PBXFrameworksBuildPhase section */

/* Begin PBXGroup section */
		A56603C522C2C56700B72A5C = {
			isa = PBXGroup;
			children = (
				A566040322C2D59B00B72A5C /* SettingsViewController.h */,
				A566040422C2D59B00B72A5C /* SettingsViewController.m */,
				A56603D022C2C56700B72A5C /* Tipster */,
				A56603E922C2C56800B72A5C /* TipsterTests */,
				A56603F422C2C56800B72A5C /* TipsterUITests */,
				A56603CF22C2C56700B72A5C /* Products */,
			);
			sourceTree = "<group>";
		};
		A56603CF22C2C56700B72A5C /* Products */ = {
			isa = PBXGroup;
			children = (
				A56603CE22C2C56700B72A5C /* Tipster.app */,
				A56603E622C2C56800B72A5C /* TipsterTests.xctest */,
				A56603F122C2C56800B72A5C /* TipsterUITests.xctest */,
			);
			name = Products;
			sourceTree = "<group>";
		};
		A56603D022C2C56700B72A5C /* Tipster */ = {
			isa = PBXGroup;
			children = (
				A56603D122C2C56700B72A5C /* AppDelegate.h */,
				A56603D222C2C56700B72A5C /* AppDelegate.m */,
				A56603D422C2C56700B72A5C /* ViewController.h */,
				A56603D522C2C56700B72A5C /* ViewController.m */,
				A56603D722C2C56700B72A5C /* Main.storyboard */,
				A56603DA22C2C56800B72A5C /* Assets.xcassets */,
				A56603DC22C2C56800B72A5C /* LaunchScreen.storyboard */,
				A56603DF22C2C56800B72A5C /* Info.plist */,
				A56603E022C2C56800B72A5C /* main.m */,
			);
			path = Tipster;
			sourceTree = "<group>";
		};
		A56603E922C2C56800B72A5C /* TipsterTests */ = {
			isa = PBXGroup;
			children = (
				A56603EA22C2C56800B72A5C /* TipsterTests.m */,
				A56603EC22C2C56800B72A5C /* Info.plist */,
			);
			path = TipsterTests;
			sourceTree = "<group>";
		};
		A56603F422C2C56800B72A5C /* TipsterUITests */ = {
			isa = PBXGroup;
			children = (
				A56603F522C2C56800B72A5C /* TipsterUITests.m */,
				A56603F722C2C56800B72A5C /* Info.plist */,
				A566040C22C2E7BD00B72A5C /* moneysign.jpg */,
				A566040A22C2E58B00B72A5C /* tipster.png */,
			);
			path = TipsterUITests;
			sourceTree = "<group>";
		};
/* End PBXGroup section */

/* Begin PBXNativeTarget section */
		A56603CD22C2C56700B72A5C /* Tipster */ = {
			isa = PBXNativeTarget;
			buildConfigurationList = A56603FA22C2C56800B72A5C /* Build configuration list for PBXNativeTarget "Tipster" */;
			buildPhases = (
				A56603CA22C2C56700B72A5C /* Sources */,
				A56603CB22C2C56700B72A5C /* Frameworks */,
				A56603CC22C2C56700B72A5C /* Resources */,
			);
			buildRules = (
			);
			dependencies = (
			);
			name = Tipster;
			productName = Tipster;
			productReference = A56603CE22C2C56700B72A5C /* Tipster.app */;
			productType = "com.apple.product-type.application";
		};
		A56603E522C2C56800B72A5C /* TipsterTests */ = {
			isa = PBXNativeTarget;
			buildConfigurationList = A56603FD22C2C56800B72A5C /* Build configuration list for PBXNativeTarget "TipsterTests" */;
			buildPhases = (
				A56603E222C2C56800B72A5C /* Sources */,
				A56603E322C2C56800B72A5C /* Frameworks */,
				A56603E422C2C56800B72A5C /* Resources */,
			);
			buildRules = (
			);
			dependencies = (
				A56603E822C2C56800B72A5C /* PBXTargetDependency */,
			);
			name = TipsterTests;
			productName = TipsterTests;
			productReference = A56603E622C2C56800B72A5C /* TipsterTests.xctest */;
			productType = "com.apple.product-type.bundle.unit-test";
		};
		A56603F022C2C56800B72A5C /* TipsterUITests */ = {
			isa = PBXNativeTarget;
			buildConfigurationList = A566040022C2C56800B72A5C /* Build configuration list for PBXNativeTarget "TipsterUITests" */;
			buildPhases = (
				A56603ED22C2C56800B72A5C /* Sources */,
				A56603EE22C2C56800B72A5C /* Frameworks */,
				A56603EF22C2C56800B72A5C /* Resources */,
			);
			buildRules = (
			);
			dependencies = (
				A56603F322C2C56800B72A5C /* PBXTargetDependency */,
			);
			name = TipsterUITests;
			productName = TipsterUITests;
			productReference = A56603F122C2C56800B72A5C /* TipsterUITests.xctest */;
			productType = "com.apple.product-type.bundle.ui-testing";
		};
/* End PBXNativeTarget section */

/* Begin PBXProject section */
		A56603C622C2C56700B72A5C /* Project object */ = {
			isa = PBXProject;
			attributes = {
				LastUpgradeCheck = 1020;
				ORGANIZATIONNAME = codepath;
				TargetAttributes = {
					A56603CD22C2C56700B72A5C = {
						CreatedOnToolsVersion = 10.2.1;
					};
					A56603E522C2C56800B72A5C = {
						CreatedOnToolsVersion = 10.2.1;
						TestTargetID = A56603CD22C2C56700B72A5C;
					};
					A56603F022C2C56800B72A5C = {
						CreatedOnToolsVersion = 10.2.1;
						TestTargetID = A56603CD22C2C56700B72A5C;
					};
				};
			};
			buildConfigurationList = A56603C922C2C56700B72A5C /* Build configuration list for PBXProject "Tipster" */;
			compatibilityVersion = "Xcode 9.3";
			developmentRegion = en;
			hasScannedForEncodings = 0;
			knownRegions = (
				en,
				Base,
			);
			mainGroup = A56603C522C2C56700B72A5C;
			productRefGroup = A56603CF22C2C56700B72A5C /* Products */;
			projectDirPath = "";
			projectRoot = "";
			targets = (
				A56603CD22C2C56700B72A5C /* Tipster */,
				A56603E522C2C56800B72A5C /* TipsterTests */,
				A56603F022C2C56800B72A5C /* TipsterUITests */,
			);
		};
/* End PBXProject section */

/* Begin PBXResourcesBuildPhase section */
		A56603CC22C2C56700B72A5C /* Resources */ = {
			isa = PBXResourcesBuildPhase;
			buildActionMask = 2147483647;
			files = (
				A56603DE22C2C56800B72A5C /* LaunchScreen.storyboard in Resources */,
				A566040B22C2E58B00B72A5C /* tipster.png in Resources */,
				A56603DB22C2C56800B72A5C /* Assets.xcassets in Resources */,
				A566040D22C2E7BD00B72A5C /* moneysign.jpg in Resources */,
				A56603D922C2C56700B72A5C /* Main.storyboard in Resources */,
			);
			runOnlyForDeploymentPostprocessing = 0;
		};
		A56603E422C2C56800B72A5C /* Resources */ = {
			isa = PBXResourcesBuildPhase;
			buildActionMask = 2147483647;
			files = (
			);
			runOnlyForDeploymentPostprocessing = 0;
		};
		A56603EF22C2C56800B72A5C /* Resources */ = {
			isa = PBXResourcesBuildPhase;
			buildActionMask = 2147483647;
			files = (
			);
			runOnlyForDeploymentPostprocessing = 0;
		};
/* End PBXResourcesBuildPhase section */

/* Begin PBXSourcesBuildPhase section */
		A56603CA22C2C56700B72A5C /* Sources */ = {
			isa = PBXSourcesBuildPhase;
			buildActionMask = 2147483647;
			files = (
				A56603D622C2C56700B72A5C /* ViewController.m in Sources */,
				A56603E122C2C56800B72A5C /* main.m in Sources */,
				A56603D322C2C56700B72A5C /* AppDelegate.m in Sources */,
				A566040522C2D59B00B72A5C /* SettingsViewController.m in Sources */,
			);
			runOnlyForDeploymentPostprocessing = 0;
		};
		A56603E222C2C56800B72A5C /* Sources */ = {
			isa = PBXSourcesBuildPhase;
			buildActionMask = 2147483647;
			files = (
				A56603EB22C2C56800B72A5C /* TipsterTests.m in Sources */,
			);
			runOnlyForDeploymentPostprocessing = 0;
		};
		A56603ED22C2C56800B72A5C /* Sources */ = {
			isa = PBXSourcesBuildPhase;
			buildActionMask = 2147483647;
			files = (
				A56603F622C2C56800B72A5C /* TipsterUITests.m in Sources */,
			);
			runOnlyForDeploymentPostprocessing = 0;
		};
/* End PBXSourcesBuildPhase section */

/* Begin PBXTargetDependency section */
		A56603E822C2C56800B72A5C /* PBXTargetDependency */ = {
			isa = PBXTargetDependency;
			target = A56603CD22C2C56700B72A5C /* Tipster */;
			targetProxy = A56603E722C2C56800B72A5C /* PBXContainerItemProxy */;
		};
		A56603F322C2C56800B72A5C /* PBXTargetDependency */ = {
			isa = PBXTargetDependency;
			target = A56603CD22C2C56700B72A5C /* Tipster */;
			targetProxy = A56603F222C2C56800B72A5C /* PBXContainerItemProxy */;
		};
/* End PBXTargetDependency section */

/* Begin PBXVariantGroup section */
		A56603D722C2C56700B72A5C /* Main.storyboard */ = {
			isa = PBXVariantGroup;
			children = (
				A56603D822C2C56700B72A5C /* Base */,
			);
			name = Main.storyboard;
			sourceTree = "<group>";
		};
		A56603DC22C2C56800B72A5C /* LaunchScreen.storyboard */ = {
			isa = PBXVariantGroup;
			children = (
				A56603DD22C2C56800B72A5C /* Base */,
			);
			name = LaunchScreen.storyboard;
			sourceTree = "<group>";
		};
/* End PBXVariantGroup section */

/* Begin XCBuildConfiguration section */
		A56603F822C2C56800B72A5C /* Debug */ = {
			isa = XCBuildConfiguration;
			buildSettings = {
				ALWAYS_SEARCH_USER_PATHS = NO;
				CLANG_ANALYZER_NONNULL = YES;
				CLANG_ANALYZER_NUMBER_OBJECT_CONVERSION = YES_AGGRESSIVE;
				CLANG_CXX_LANGUAGE_STANDARD = "gnu++14";
				CLANG_CXX_LIBRARY = "libc++";
				CLANG_ENABLE_MODULES = YES;
				CLANG_ENABLE_OBJC_ARC = YES;
				CLANG_ENABLE_OBJC_WEAK = YES;
				CLANG_WARN_BLOCK_CAPTURE_AUTORELEASING = YES;
				CLANG_WARN_BOOL_CONVERSION = YES;
				CLANG_WARN_COMMA = YES;
				CLANG_WARN_CONSTANT_CONVERSION = YES;
				CLANG_WARN_DEPRECATED_OBJC_IMPLEMENTATIONS = YES;
				CLANG_WARN_DIRECT_OBJC_ISA_USAGE = YES_ERROR;
				CLANG_WARN_DOCUMENTATION_COMMENTS = YES;
				CLANG_WARN_EMPTY_BODY = YES;
				CLANG_WARN_ENUM_CONVERSION = YES;
				CLANG_WARN_INFINITE_RECURSION = YES;
				CLANG_WARN_INT_CONVERSION = YES;
				CLANG_WARN_NON_LITERAL_NULL_CONVERSION = YES;
				CLANG_WARN_OBJC_IMPLICIT_RETAIN_SELF = YES;
				CLANG_WARN_OBJC_LITERAL_CONVERSION = YES;
				CLANG_WARN_OBJC_ROOT_CLASS = YES_ERROR;
				CLANG_WARN_RANGE_LOOP_ANALYSIS = YES;
				CLANG_WARN_STRICT_PROTOTYPES = YES;
				CLANG_WARN_SUSPICIOUS_MOVE = YES;
				CLANG_WARN_UNGUARDED_AVAILABILITY = YES_AGGRESSIVE;
				CLANG_WARN_UNREACHABLE_CODE = YES;
				CLANG_WARN__DUPLICATE_METHOD_MATCH = YES;
				CODE_SIGN_IDENTITY = "iPhone Developer";
				COPY_PHASE_STRIP = NO;
				DEBUG_INFORMATION_FORMAT = dwarf;
				ENABLE_STRICT_OBJC_MSGSEND = YES;
				ENABLE_TESTABILITY = YES;
				GCC_C_LANGUAGE_STANDARD = gnu11;
				GCC_DYNAMIC_NO_PIC = NO;
				GCC_NO_COMMON_BLOCKS = YES;
				GCC_OPTIMIZATION_LEVEL = 0;
				GCC_PREPROCESSOR_DEFINITIONS = (
					"DEBUG=1",
					"$(inherited)",
				);
				GCC_WARN_64_TO_32_BIT_CONVERSION = YES;
				GCC_WARN_ABOUT_RETURN_TYPE = YES_ERROR;
				GCC_WARN_UNDECLARED_SELECTOR = YES;
				GCC_WARN_UNINITIALIZED_AUTOS = YES_AGGRESSIVE;
				GCC_WARN_UNUSED_FUNCTION = YES;
				GCC_WARN_UNUSED_VARIABLE = YES;
				IPHONEOS_DEPLOYMENT_TARGET = 12.2;
				MTL_ENABLE_DEBUG_INFO = INCLUDE_SOURCE;
				MTL_FAST_MATH = YES;
				ONLY_ACTIVE_ARCH = YES;
				SDKROOT = iphoneos;
			};
			name = Debug;
		};
		A56603F922C2C56800B72A5C /* Release */ = {
			isa = XCBuildConfiguration;
			buildSettings = {
				ALWAYS_SEARCH_USER_PATHS = NO;
				CLANG_ANALYZER_NONNULL = YES;
				CLANG_ANALYZER_NUMBER_OBJECT_CONVERSION = YES_AGGRESSIVE;
				CLANG_CXX_LANGUAGE_STANDARD = "gnu++14";
				CLANG_CXX_LIBRARY = "libc++";
				CLANG_ENABLE_MODULES = YES;
				CLANG_ENABLE_OBJC_ARC = YES;
				CLANG_ENABLE_OBJC_WEAK = YES;
				CLANG_WARN_BLOCK_CAPTURE_AUTORELEASING = YES;
				CLANG_WARN_BOOL_CONVERSION = YES;
				CLANG_WARN_COMMA = YES;
				CLANG_WARN_CONSTANT_CONVERSION = YES;
				CLANG_WARN_DEPRECATED_OBJC_IMPLEMENTATIONS = YES;
				CLANG_WARN_DIRECT_OBJC_ISA_USAGE = YES_ERROR;
				CLANG_WARN_DOCUMENTATION_COMMENTS = YES;
				CLANG_WARN_EMPTY_BODY = YES;
				CLANG_WARN_ENUM_CONVERSION = YES;
				CLANG_WARN_INFINITE_RECURSION = YES;
				CLANG_WARN_INT_CONVERSION = YES;
				CLANG_WARN_NON_LITERAL_NULL_CONVERSION = YES;
				CLANG_WARN_OBJC_IMPLICIT_RETAIN_SELF = YES;
				CLANG_WARN_OBJC_LITERAL_CONVERSION = YES;
				CLANG_WARN_OBJC_ROOT_CLASS = YES_ERROR;
				CLANG_WARN_RANGE_LOOP_ANALYSIS = YES;
				CLANG_WARN_STRICT_PROTOTYPES = YES;
				CLANG_WARN_SUSPICIOUS_MOVE = YES;
				CLANG_WARN_UNGUARDED_AVAILABILITY = YES_AGGRESSIVE;
				CLANG_WARN_UNREACHABLE_CODE = YES;
				CLANG_WARN__DUPLICATE_METHOD_MATCH = YES;
				CODE_SIGN_IDENTITY = "iPhone Developer";
				COPY_PHASE_STRIP = NO;
				DEBUG_INFORMATION_FORMAT = "dwarf-with-dsym";
				ENABLE_NS_ASSERTIONS = NO;
				ENABLE_STRICT_OBJC_MSGSEND = YES;
				GCC_C_LANGUAGE_STANDARD = gnu11;
				GCC_NO_COMMON_BLOCKS = YES;
				GCC_WARN_64_TO_32_BIT_CONVERSION = YES;
				GCC_WARN_ABOUT_RETURN_TYPE = YES_ERROR;
				GCC_WARN_UNDECLARED_SELECTOR = YES;
				GCC_WARN_UNINITIALIZED_AUTOS = YES_AGGRESSIVE;
				GCC_WARN_UNUSED_FUNCTION = YES;
				GCC_WARN_UNUSED_VARIABLE = YES;
				IPHONEOS_DEPLOYMENT_TARGET = 12.2;
				MTL_ENABLE_DEBUG_INFO = NO;
				MTL_FAST_MATH = YES;
				SDKROOT = iphoneos;
				VALIDATE_PRODUCT = YES;
			};
			name = Release;
		};
		A56603FB22C2C56800B72A5C /* Debug */ = {
			isa = XCBuildConfiguration;
			buildSettings = {
				ASSETCATALOG_COMPILER_APPICON_NAME = AppIcon;
				CODE_SIGN_STYLE = Automatic;
				DEVELOPMENT_TEAM = C45J47S9V6;
				INFOPLIST_FILE = Tipster/Info.plist;
				LD_RUNPATH_SEARCH_PATHS = (
					"$(inherited)",
					"@executable_path/Frameworks",
				);
				PRODUCT_BUNDLE_IDENTIFIER = "com.ssilverst.tips--";
				PRODUCT_NAME = "$(TARGET_NAME)";
				TARGETED_DEVICE_FAMILY = "1,2";
			};
			name = Debug;
		};
		A56603FC22C2C56800B72A5C /* Release */ = {
			isa = XCBuildConfiguration;
			buildSettings = {
				ASSETCATALOG_COMPILER_APPICON_NAME = AppIcon;
				CODE_SIGN_STYLE = Automatic;
				DEVELOPMENT_TEAM = C45J47S9V6;
				INFOPLIST_FILE = Tipster/Info.plist;
				LD_RUNPATH_SEARCH_PATHS = (
					"$(inherited)",
					"@executable_path/Frameworks",
				);
				PRODUCT_BUNDLE_IDENTIFIER = "com.ssilverst.tips--";
				PRODUCT_NAME = "$(TARGET_NAME)";
				TARGETED_DEVICE_FAMILY = "1,2";
			};
			name = Release;
		};
		A56603FE22C2C56800B72A5C /* Debug */ = {
			isa = XCBuildConfiguration;
			buildSettings = {
				BUNDLE_LOADER = "$(TEST_HOST)";
				CODE_SIGN_STYLE = Automatic;
				INFOPLIST_FILE = TipsterTests/Info.plist;
				LD_RUNPATH_SEARCH_PATHS = (
					"$(inherited)",
					"@executable_path/Frameworks",
					"@loader_path/Frameworks",
				);
				PRODUCT_BUNDLE_IDENTIFIER = com.ssilverst.TipsterTests;
				PRODUCT_NAME = "$(TARGET_NAME)";
				TARGETED_DEVICE_FAMILY = "1,2";
				TEST_HOST = "$(BUILT_PRODUCTS_DIR)/Tipster.app/Tipster";
			};
			name = Debug;
		};
		A56603FF22C2C56800B72A5C /* Release */ = {
			isa = XCBuildConfiguration;
			buildSettings = {
				BUNDLE_LOADER = "$(TEST_HOST)";
				CODE_SIGN_STYLE = Automatic;
				INFOPLIST_FILE = TipsterTests/Info.plist;
				LD_RUNPATH_SEARCH_PATHS = (
					"$(inherited)",
					"@executable_path/Frameworks",
					"@loader_path/Frameworks",
				);
				PRODUCT_BUNDLE_IDENTIFIER = com.ssilverst.TipsterTests;
				PRODUCT_NAME = "$(TARGET_NAME)";
				TARGETED_DEVICE_FAMILY = "1,2";
				TEST_HOST = "$(BUILT_PRODUCTS_DIR)/Tipster.app/Tipster";
			};
			name = Release;
		};
		A566040122C2C56800B72A5C /* Debug */ = {
			isa = XCBuildConfiguration;
			buildSettings = {
				CODE_SIGN_STYLE = Automatic;
				INFOPLIST_FILE = TipsterUITests/Info.plist;
				LD_RUNPATH_SEARCH_PATHS = (
					"$(inherited)",
					"@executable_path/Frameworks",
					"@loader_path/Frameworks",
				);
				PRODUCT_BUNDLE_IDENTIFIER = com.ssilverst.TipsterUITests;
				PRODUCT_NAME = "$(TARGET_NAME)";
				TARGETED_DEVICE_FAMILY = "1,2";
				TEST_TARGET_NAME = Tipster;
			};
			name = Debug;
		};
		A566040222C2C56800B72A5C /* Release */ = {
			isa = XCBuildConfiguration;
			buildSettings = {
				CODE_SIGN_STYLE = Automatic;
				INFOPLIST_FILE = TipsterUITests/Info.plist;
				LD_RUNPATH_SEARCH_PATHS = (
					"$(inherited)",
					"@executable_path/Frameworks",
					"@loader_path/Frameworks",
				);
				PRODUCT_BUNDLE_IDENTIFIER = com.ssilverst.TipsterUITests;
				PRODUCT_NAME = "$(TARGET_NAME)";
				TARGETED_DEVICE_FAMILY = "1,2";
				TEST_TARGET_NAME = Tipster;
			};
			name = Release;
		};
/* End XCBuildConfiguration section */

/* Begin XCConfigurationList section */
		A56603C922C2C56700B72A5C /* Build configuration list for PBXProject "Tipster" */ = {
			isa = XCConfigurationList;
			buildConfigurations = (
				A56603F822C2C56800B72A5C /* Debug */,
				A56603F922C2C56800B72A5C /* Release */,
			);
			defaultConfigurationIsVisible = 0;
			defaultConfigurationName = Release;
		};
		A56603FA22C2C56800B72A5C /* Build configuration list for PBXNativeTarget "Tipster" */ = {
			isa = XCConfigurationList;
			buildConfigurations = (
				A56603FB22C2C56800B72A5C /* Debug */,
				A56603FC22C2C56800B72A5C /* Release */,
			);
			defaultConfigurationIsVisible = 0;
			defaultConfigurationName = Release;
		};
		A56603FD22C2C56800B72A5C /* Build configuration list for PBXNativeTarget "TipsterTests" */ = {
			isa = XCConfigurationList;
			buildConfigurations = (
				A56603FE22C2C56800B72A5C /* Debug */,
				A56603FF22C2C56800B72A5C /* Release */,
			);
			defaultConfigurationIsVisible = 0;
			defaultConfigurationName = Release;
		};
		A566040022C2C56800B72A5C /* Build configuration list for PBXNativeTarget "TipsterUITests" */ = {
			isa = XCConfigurationList;
			buildConfigurations = (
				A566040122C2C56800B72A5C /* Debug */,
				A566040222C2C56800B72A5C /* Release */,
			);
			defaultConfigurationIsVisible = 0;
			defaultConfigurationName = Release;
		};
/* End XCConfigurationList section */
	};
	rootObject = A56603C622C2C56700B72A5C /* Project object */;
}
